
Microsoft Visual Studio Solution File, Format Version 12.00
# Visual Studio Version 17
VisualStudioVersion = 17.7.34018.315
MinimumVisualStudioVersion = 10.0.40219.1
Project("{FAE04EC0-301F-11D3-BF4B-00C04F79EFBC}") = "ohmygashhhh", "ohmygashhhh\ohmygashhhh.csproj", "{50C09741-6DB8-40A9-9C20-18D5B64D9807}"
EndProject
Global
	GlobalSection(SolutionConfigurationPlatforms) = preSolution
		Debug|Any CPU = Debug|Any CPU
		Release|Any CPU = Release|Any CPU
	EndGlobalSection
	GlobalSection(ProjectConfigurationPlatforms) = postSolution
		{50C09741-6DB8-40A9-9C20-18D5B64D9807}.Debug|Any CPU.ActiveCfg = Debug|Any CPU
		{50C09741-6DB8-40A9-9C20-18D5B64D9807}.Debug|Any CPU.Build.0 = Debug|Any CPU
		{50C09741-6DB8-40A9-9C20-18D5B64D9807}.Release|Any CPU.ActiveCfg = Release|Any CPU
		{50C09741-6DB8-40A9-9C20-18D5B64D9807}.Release|Any CPU.Build.0 = Release|Any CPU
	EndGlobalSection
	GlobalSection(SolutionProperties) = preSolution
		HideSolutionNode = FALSE
	EndGlobalSection
	GlobalSection(ExtensibilityGlobals) = postSolution
		SolutionGuid = {B39DBCB2-8473-4365-B4AA-2CE577B99A97}
	EndGlobalSection
EndGlobal
