
Microsoft Visual Studio Solution File, Format Version 12.00
# Visual Studio 15
VisualStudioVersion = 15.0.28307.779
MinimumVisualStudioVersion = 10.0.40219.1
Project("{FAE04EC0-301F-11D3-BF4B-00C04F79EFBC}") = "MP1", "MP1\MP1.csproj", "{FC1A3EF2-8BA9-42BD-8497-9A4EF06A693F}"
EndProject
Global
	GlobalSection(SolutionConfigurationPlatforms) = preSolution
		Debug|Any CPU = Debug|Any CPU
		Release|Any CPU = Release|Any CPU
	EndGlobalSection
	GlobalSection(ProjectConfigurationPlatforms) = postSolution
		{FC1A3EF2-8BA9-42BD-8497-9A4EF06A693F}.Debug|Any CPU.ActiveCfg = Debug|Any CPU
		{FC1A3EF2-8BA9-42BD-8497-9A4EF06A693F}.Debug|Any CPU.Build.0 = Debug|Any CPU
		{FC1A3EF2-8BA9-42BD-8497-9A4EF06A693F}.Release|Any CPU.ActiveCfg = Release|Any CPU
		{FC1A3EF2-8BA9-42BD-8497-9A4EF06A693F}.Release|Any CPU.Build.0 = Release|Any CPU
	EndGlobalSection
	GlobalSection(SolutionProperties) = preSolution
		HideSolutionNode = FALSE
	EndGlobalSection
	GlobalSection(ExtensibilityGlobals) = postSolution
		SolutionGuid = {A5ED685C-540F-42EC-A6E8-ED26D345F31B}
	EndGlobalSection
EndGlobal
