
Microsoft Visual Studio Solution File, Format Version 12.00
# Visual Studio Version 17
VisualStudioVersion = 17.7.34018.315
MinimumVisualStudioVersion = 10.0.40219.1
Project("{FAE04EC0-301F-11D3-BF4B-00C04F79EFBC}") = "Grade", "Grade\Grade.csproj", "{E0677923-37DD-4076-AF90-FF9E359CC96E}"
EndProject
Global
	GlobalSection(SolutionConfigurationPlatforms) = preSolution
		Debug|Any CPU = Debug|Any CPU
		Release|Any CPU = Release|Any CPU
	EndGlobalSection
	GlobalSection(ProjectConfigurationPlatforms) = postSolution
		{E0677923-37DD-4076-AF90-FF9E359CC96E}.Debug|Any CPU.ActiveCfg = Debug|Any CPU
		{E0677923-37DD-4076-AF90-FF9E359CC96E}.Debug|Any CPU.Build.0 = Debug|Any CPU
		{E0677923-37DD-4076-AF90-FF9E359CC96E}.Release|Any CPU.ActiveCfg = Release|Any CPU
		{E0677923-37DD-4076-AF90-FF9E359CC96E}.Release|Any CPU.Build.0 = Release|Any CPU
	EndGlobalSection
	GlobalSection(SolutionProperties) = preSolution
		HideSolutionNode = FALSE
	EndGlobalSection
	GlobalSection(ExtensibilityGlobals) = postSolution
		SolutionGuid = {00CE2ED4-41B9-4275-8EE7-E31D15312E97}
	EndGlobalSection
EndGlobal
