
Microsoft Visual Studio Solution File, Format Version 12.00
# Visual Studio 15
VisualStudioVersion = 15.0.28307.779
MinimumVisualStudioVersion = 10.0.40219.1
Project("{FAE04EC0-301F-11D3-BF4B-00C04F79EFBC}") = "MP4", "MP4\MP4.csproj", "{B0A5480D-AB3F-4A5F-AC95-649E82948455}"
EndProject
Global
	GlobalSection(SolutionConfigurationPlatforms) = preSolution
		Debug|Any CPU = Debug|Any CPU
		Release|Any CPU = Release|Any CPU
	EndGlobalSection
	GlobalSection(ProjectConfigurationPlatforms) = postSolution
		{B0A5480D-AB3F-4A5F-AC95-649E82948455}.Debug|Any CPU.ActiveCfg = Debug|Any CPU
		{B0A5480D-AB3F-4A5F-AC95-649E82948455}.Debug|Any CPU.Build.0 = Debug|Any CPU
		{B0A5480D-AB3F-4A5F-AC95-649E82948455}.Release|Any CPU.ActiveCfg = Release|Any CPU
		{B0A5480D-AB3F-4A5F-AC95-649E82948455}.Release|Any CPU.Build.0 = Release|Any CPU
	EndGlobalSection
	GlobalSection(SolutionProperties) = preSolution
		HideSolutionNode = FALSE
	EndGlobalSection
	GlobalSection(ExtensibilityGlobals) = postSolution
		SolutionGuid = {7704DB3F-5562-4FF8-8E47-D435C132C865}
	EndGlobalSection
EndGlobal
